// !$*UTF8*$!
{
	archiveVersion = 1;
	classes = {
	};
	objectVersion = 46;
	objects = {

/* Begin PBXBuildFile section */
		00A3C438188D06A5002392F3 /* Foundation.framework in Frameworks */ = {isa = PBXBuildFile; fileRef = 00A3C437188D06A5002392F3 /* Foundation.framework */; };
		00A3C43A188D06A5002392F3 /* CoreGraphics.framework in Frameworks */ = {isa = PBXBuildFile; fileRef = 00A3C439188D06A5002392F3 /* CoreGraphics.framework */; };
		00A3C43C188D06A5002392F3 /* UIKit.framework in Frameworks */ = {isa = PBXBuildFile; fileRef = 00A3C43B188D06A5002392F3 /* UIKit.framework */; };
		00A3C442188D06A5002392F3 /* InfoPlist.strings in Resources */ = {isa = PBXBuildFile; fileRef = 00A3C440188D06A5002392F3 /* InfoPlist.strings */; };
		00A3C444188D06A5002392F3 /* main.m in Sources */ = {isa = PBXBuildFile; fileRef = 00A3C443188D06A5002392F3 /* main.m */; };
		00A3C448188D06A5002392F3 /* AppDelegate.m in Sources */ = {isa = PBXBuildFile; fileRef = 00A3C447188D06A5002392F3 /* AppDelegate.m */; };
		00A3C44B188D06A5002392F3 /* Main.storyboard in Resources */ = {isa = PBXBuildFile; fileRef = 00A3C449188D06A5002392F3 /* Main.storyboard */; };
		00A3C44E188D06A5002392F3 /* ViewController.m in Sources */ = {isa = PBXBuildFile; fileRef = 00A3C44D188D06A5002392F3 /* ViewController.m */; };
		00A3C450188D06A5002392F3 /* Images.xcassets in Resources */ = {isa = PBXBuildFile; fileRef = 00A3C44F188D06A5002392F3 /* Images.xcassets */; };
		00A3C457188D06A5002392F3 /* XCTest.framework in Frameworks */ = {isa = PBXBuildFile; fileRef = 00A3C456188D06A5002392F3 /* XCTest.framework */; };
		00A3C458188D06A5002392F3 /* Foundation.framework in Frameworks */ = {isa = PBXBuildFile; fileRef = 00A3C437188D06A5002392F3 /* Foundation.framework */; };
		00A3C459188D06A5002392F3 /* UIKit.framework in Frameworks */ = {isa = PBXBuildFile; fileRef = 00A3C43B188D06A5002392F3 /* UIKit.framework */; };
		00A3C461188D06A5002392F3 /* InfoPlist.strings in Resources */ = {isa = PBXBuildFile; fileRef = 00A3C45F188D06A5002392F3 /* InfoPlist.strings */; };
		00A3C463188D06A5002392F3 /* Inform_MessageTests.m in Sources */ = {isa = PBXBuildFile; fileRef = 00A3C462188D06A5002392F3 /* Inform_MessageTests.m */; };
/* End PBXBuildFile section */

/* Begin PBXContainerItemProxy section */
		00A3C45A188D06A5002392F3 /* PBXContainerItemProxy */ = {
			isa = PBXContainerItemProxy;
			containerPortal = 00A3C42C188D06A5002392F3 /* Project object */;
			proxyType = 1;
			remoteGlobalIDString = 00A3C433188D06A5002392F3;
			remoteInfo = Inform_Message;
		};
/* End PBXContainerItemProxy section */

/* Begin PBXFileReference section */
		00A3C434188D06A5002392F3 /* Inform_Message.app */ = {isa = PBXFileReference; explicitFileType = wrapper.application; includeInIndex = 0; path = Inform_Message.app; sourceTree = BUILT_PRODUCTS_DIR; };
		00A3C437188D06A5002392F3 /* Foundation.framework */ = {isa = PBXFileReference; lastKnownFileType = wrapper.framework; name = Foundation.framework; path = System/Library/Frameworks/Foundation.framework; sourceTree = SDKROOT; };
		00A3C439188D06A5002392F3 /* CoreGraphics.framework */ = {isa = PBXFileReference; lastKnownFileType = wrapper.framework; name = CoreGraphics.framework; path = System/Library/Frameworks/CoreGraphics.framework; sourceTree = SDKROOT; };
		00A3C43B188D06A5002392F3 /* UIKit.framework */ = {isa = PBXFileReference; lastKnownFileType = wrapper.framework; name = UIKit.framework; path = System/Library/Frameworks/UIKit.framework; sourceTree = SDKROOT; };
		00A3C43F188D06A5002392F3 /* Inform_Message-Info.plist */ = {isa = PBXFileReference; lastKnownFileType = text.plist.xml; path = "Inform_Message-Info.plist"; sourceTree = "<group>"; };
		00A3C441188D06A5002392F3 /* en */ = {isa = PBXFileReference; lastKnownFileType = text.plist.strings; name = en; path = en.lproj/InfoPlist.strings; sourceTree = "<group>"; };
		00A3C443188D06A5002392F3 /* main.m */ = {isa = PBXFileReference; lastKnownFileType = sourcecode.c.objc; path = main.m; sourceTree = "<group>"; };
		00A3C445188D06A5002392F3 /* Inform_Message-Prefix.pch */ = {isa = PBXFileReference; lastKnownFileType = sourcecode.c.h; path = "Inform_Message-Prefix.pch"; sourceTree = "<group>"; };
		00A3C446188D06A5002392F3 /* AppDelegate.h */ = {isa = PBXFileReference; lastKnownFileType = sourcecode.c.h; path = AppDelegate.h; sourceTree = "<group>"; };
		00A3C447188D06A5002392F3 /* AppDelegate.m */ = {isa = PBXFileReference; lastKnownFileType = sourcecode.c.objc; path = AppDelegate.m; sourceTree = "<group>"; };
		00A3C44A188D06A5002392F3 /* Base */ = {isa = PBXFileReference; lastKnownFileType = file.storyboard; name = Base; path = Base.lproj/Main.storyboard; sourceTree = "<group>"; };
		00A3C44C188D06A5002392F3 /* ViewController.h */ = {isa = PBXFileReference; lastKnownFileType = sourcecode.c.h; path = ViewController.h; sourceTree = "<group>"; };
		00A3C44D188D06A5002392F3 /* ViewController.m */ = {isa = PBXFileReference; lastKnownFileType = sourcecode.c.objc; path = ViewController.m; sourceTree = "<group>"; };
		00A3C44F188D06A5002392F3 /* Images.xcassets */ = {isa = PBXFileReference; lastKnownFileType = folder.assetcatalog; path = Images.xcassets; sourceTree = "<group>"; };
		00A3C455188D06A5002392F3 /* Inform_MessageTests.xctest */ = {isa = PBXFileReference; explicitFileType = wrapper.cfbundle; includeInIndex = 0; path = Inform_MessageTests.xctest; sourceTree = BUILT_PRODUCTS_DIR; };
		00A3C456188D06A5002392F3 /* XCTest.framework */ = {isa = PBXFileReference; lastKnownFileType = wrapper.framework; name = XCTest.framework; path = Library/Frameworks/XCTest.framework; sourceTree = DEVELOPER_DIR; };
		00A3C45E188D06A5002392F3 /* Inform_MessageTests-Info.plist */ = {isa = PBXFileReference; lastKnownFileType = text.plist.xml; path = "Inform_MessageTests-Info.plist"; sourceTree = "<group>"; };
		00A3C460188D06A5002392F3 /* en */ = {isa = PBXFileReference; lastKnownFileType = text.plist.strings; name = en; path = en.lproj/InfoPlist.strings; sourceTree = "<group>"; };
		00A3C462188D06A5002392F3 /* Inform_MessageTests.m */ = {isa = PBXFileReference; lastKnownFileType = sourcecode.c.objc; path = Inform_MessageTests.m; sourceTree = "<group>"; };
/* End PBXFileReference section */

/* Begin PBXFrameworksBuildPhase section */
		00A3C431188D06A5002392F3 /* Frameworks */ = {
			isa = PBXFrameworksBuildPhase;
			buildActionMask = 2147483647;
			files = (
				00A3C43A188D06A5002392F3 /* CoreGraphics.framework in Frameworks */,
				00A3C43C188D06A5002392F3 /* UIKit.framework in Frameworks */,
				00A3C438188D06A5002392F3 /* Foundation.framework in Frameworks */,
			);
			runOnlyForDeploymentPostprocessing = 0;
		};
		00A3C452188D06A5002392F3 /* Frameworks */ = {
			isa = PBXFrameworksBuildPhase;
			buildActionMask = 2147483647;
			files = (
				00A3C457188D06A5002392F3 /* XCTest.framework in Frameworks */,
				00A3C459188D06A5002392F3 /* UIKit.framework in Frameworks */,
				00A3C458188D06A5002392F3 /* Foundation.framework in Frameworks */,
			);
			runOnlyForDeploymentPostprocessing = 0;
		};
/* End PBXFrameworksBuildPhase section */

/* Begin PBXGroup section */
		00A3C42B188D06A5002392F3 = {
			isa = PBXGroup;
			children = (
				00A3C43D188D06A5002392F3 /* Inform_Message */,
				00A3C45C188D06A5002392F3 /* Inform_MessageTests */,
				00A3C436188D06A5002392F3 /* Frameworks */,
				00A3C435188D06A5002392F3 /* Products */,
			);
			sourceTree = "<group>";
		};
		00A3C435188D06A5002392F3 /* Products */ = {
			isa = PBXGroup;
			children = (
				00A3C434188D06A5002392F3 /* Inform_Message.app */,
				00A3C455188D06A5002392F3 /* Inform_MessageTests.xctest */,
			);
			name = Products;
			sourceTree = "<group>";
		};
		00A3C436188D06A5002392F3 /* Frameworks */ = {
			isa = PBXGroup;
			children = (
				00A3C437188D06A5002392F3 /* Foundation.framework */,
				00A3C439188D06A5002392F3 /* CoreGraphics.framework */,
				00A3C43B188D06A5002392F3 /* UIKit.framework */,
				00A3C456188D06A5002392F3 /* XCTest.framework */,
			);
			name = Frameworks;
			sourceTree = "<group>";
		};
		00A3C43D188D06A5002392F3 /* Inform_Message */ = {
			isa = PBXGroup;
			children = (
				00A3C446188D06A5002392F3 /* AppDelegate.h */,
				00A3C447188D06A5002392F3 /* AppDelegate.m */,
				00A3C449188D06A5002392F3 /* Main.storyboard */,
				00A3C44C188D06A5002392F3 /* ViewController.h */,
				00A3C44D188D06A5002392F3 /* ViewController.m */,
				00A3C44F188D06A5002392F3 /* Images.xcassets */,
				00A3C43E188D06A5002392F3 /* Supporting Files */,
			);
			path = Inform_Message;
			sourceTree = "<group>";
		};
		00A3C43E188D06A5002392F3 /* Supporting Files */ = {
			isa = PBXGroup;
			children = (
				00A3C43F188D06A5002392F3 /* Inform_Message-Info.plist */,
				00A3C440188D06A5002392F3 /* InfoPlist.strings */,
				00A3C443188D06A5002392F3 /* main.m */,
				00A3C445188D06A5002392F3 /* Inform_Message-Prefix.pch */,
			);
			name = "Supporting Files";
			sourceTree = "<group>";
		};
		00A3C45C188D06A5002392F3 /* Inform_MessageTests */ = {
			isa = PBXGroup;
			children = (
				00A3C462188D06A5002392F3 /* Inform_MessageTests.m */,
				00A3C45D188D06A5002392F3 /* Supporting Files */,
			);
			path = Inform_MessageTests;
			sourceTree = "<group>";
		};
		00A3C45D188D06A5002392F3 /* Supporting Files */ = {
			isa = PBXGroup;
			children = (
				00A3C45E188D06A5002392F3 /* Inform_MessageTests-Info.plist */,
				00A3C45F188D06A5002392F3 /* InfoPlist.strings */,
			);
			name = "Supporting Files";
			sourceTree = "<group>";
		};
/* End PBXGroup section */

/* Begin PBXNativeTarget section */
		00A3C433188D06A5002392F3 /* Inform_Message */ = {
			isa = PBXNativeTarget;
			buildConfigurationList = 00A3C466188D06A5002392F3 /* Build configuration list for PBXNativeTarget "Inform_Message" */;
			buildPhases = (
				00A3C430188D06A5002392F3 /* Sources */,
				00A3C431188D06A5002392F3 /* Frameworks */,
				00A3C432188D06A5002392F3 /* Resources */,
			);
			buildRules = (
			);
			dependencies = (
			);
			name = Inform_Message;
			productName = Inform_Message;
			productReference = 00A3C434188D06A5002392F3 /* Inform_Message.app */;
			productType = "com.apple.product-type.application";
		};
		00A3C454188D06A5002392F3 /* Inform_MessageTests */ = {
			isa = PBXNativeTarget;
			buildConfigurationList = 00A3C469188D06A5002392F3 /* Build configuration list for PBXNativeTarget "Inform_MessageTests" */;
			buildPhases = (
				00A3C451188D06A5002392F3 /* Sources */,
				00A3C452188D06A5002392F3 /* Frameworks */,
				00A3C453188D06A5002392F3 /* Resources */,
			);
			buildRules = (
			);
			dependencies = (
				00A3C45B188D06A5002392F3 /* PBXTargetDependency */,
			);
			name = Inform_MessageTests;
			productName = Inform_MessageTests;
			productReference = 00A3C455188D06A5002392F3 /* Inform_MessageTests.xctest */;
			productType = "com.apple.product-type.bundle.unit-test";
		};
/* End PBXNativeTarget section */

/* Begin PBXProject section */
		00A3C42C188D06A5002392F3 /* Project object */ = {
			isa = PBXProject;
			attributes = {
				LastUpgradeCheck = 0500;
				ORGANIZATIONNAME = steve;
				TargetAttributes = {
					00A3C454188D06A5002392F3 = {
						TestTargetID = 00A3C433188D06A5002392F3;
					};
				};
			};
			buildConfigurationList = 00A3C42F188D06A5002392F3 /* Build configuration list for PBXProject "Inform_Message" */;
			compatibilityVersion = "Xcode 3.2";
			developmentRegion = English;
			hasScannedForEncodings = 0;
			knownRegions = (
				en,
				Base,
			);
			mainGroup = 00A3C42B188D06A5002392F3;
			productRefGroup = 00A3C435188D06A5002392F3 /* Products */;
			projectDirPath = "";
			projectRoot = "";
			targets = (
				00A3C433188D06A5002392F3 /* Inform_Message */,
				00A3C454188D06A5002392F3 /* Inform_MessageTests */,
			);
		};
/* End PBXProject section */

/* Begin PBXResourcesBuildPhase section */
		00A3C432188D06A5002392F3 /* Resources */ = {
			isa = PBXResourcesBuildPhase;
			buildActionMask = 2147483647;
			files = (
				00A3C450188D06A5002392F3 /* Images.xcassets in Resources */,
				00A3C442188D06A5002392F3 /* InfoPlist.strings in Resources */,
				00A3C44B188D06A5002392F3 /* Main.storyboard in Resources */,
			);
			runOnlyForDeploymentPostprocessing = 0;
		};
		00A3C453188D06A5002392F3 /* Resources */ = {
			isa = PBXResourcesBuildPhase;
			buildActionMask = 2147483647;
			files = (
				00A3C461188D06A5002392F3 /* InfoPlist.strings in Resources */,
			);
			runOnlyForDeploymentPostprocessing = 0;
		};
/* End PBXResourcesBuildPhase section */

/* Begin PBXSourcesBuildPhase section */
		00A3C430188D06A5002392F3 /* Sources */ = {
			isa = PBXSourcesBuildPhase;
			buildActionMask = 2147483647;
			files = (
				00A3C44E188D06A5002392F3 /* ViewController.m in Sources */,
				00A3C448188D06A5002392F3 /* AppDelegate.m in Sources */,
				00A3C444188D06A5002392F3 /* main.m in Sources */,
			);
			runOnlyForDeploymentPostprocessing = 0;
		};
		00A3C451188D06A5002392F3 /* Sources */ = {
			isa = PBXSourcesBuildPhase;
			buildActionMask = 2147483647;
			files = (
				00A3C463188D06A5002392F3 /* Inform_MessageTests.m in Sources */,
			);
			runOnlyForDeploymentPostprocessing = 0;
		};
/* End PBXSourcesBuildPhase section */

/* Begin PBXTargetDependency section */
		00A3C45B188D06A5002392F3 /* PBXTargetDependency */ = {
			isa = PBXTargetDependency;
			target = 00A3C433188D06A5002392F3 /* Inform_Message */;
			targetProxy = 00A3C45A188D06A5002392F3 /* PBXContainerItemProxy */;
		};
/* End PBXTargetDependency section */

/* Begin PBXVariantGroup section */
		00A3C440188D06A5002392F3 /* InfoPlist.strings */ = {
			isa = PBXVariantGroup;
			children = (
				00A3C441188D06A5002392F3 /* en */,
			);
			name = InfoPlist.strings;
			sourceTree = "<group>";
		};
		00A3C449188D06A5002392F3 /* Main.storyboard */ = {
			isa = PBXVariantGroup;
			children = (
				00A3C44A188D06A5002392F3 /* Base */,
			);
			name = Main.storyboard;
			sourceTree = "<group>";
		};
		00A3C45F188D06A5002392F3 /* InfoPlist.strings */ = {
			isa = PBXVariantGroup;
			children = (
				00A3C460188D06A5002392F3 /* en */,
			);
			name = InfoPlist.strings;
			sourceTree = "<group>";
		};
/* End PBXVariantGroup section */

/* Begin XCBuildConfiguration section */
		00A3C464188D06A5002392F3 /* Debug */ = {
			isa = XCBuildConfiguration;
			buildSettings = {
				ALWAYS_SEARCH_USER_PATHS = NO;
				ARCHS = "$(ARCHS_STANDARD_INCLUDING_64_BIT)";
				CLANG_CXX_LANGUAGE_STANDARD = "gnu++0x";
				CLANG_CXX_LIBRARY = "libc++";
				CLANG_ENABLE_MODULES = YES;
				CLANG_ENABLE_OBJC_ARC = YES;
				CLANG_WARN_BOOL_CONVERSION = YES;
				CLANG_WARN_CONSTANT_CONVERSION = YES;
				CLANG_WARN_DIRECT_OBJC_ISA_USAGE = YES_ERROR;
				CLANG_WARN_EMPTY_BODY = YES;
				CLANG_WARN_ENUM_CONVERSION = YES;
				CLANG_WARN_INT_CONVERSION = YES;
				CLANG_WARN_OBJC_ROOT_CLASS = YES_ERROR;
				CLANG_WARN__DUPLICATE_METHOD_MATCH = YES;
				"CODE_SIGN_IDENTITY[sdk=iphoneos*]" = "iPhone Developer";
				COPY_PHASE_STRIP = NO;
				GCC_C_LANGUAGE_STANDARD = gnu99;
				GCC_DYNAMIC_NO_PIC = NO;
				GCC_OPTIMIZATION_LEVEL = 0;
				GCC_PREPROCESSOR_DEFINITIONS = (
					"DEBUG=1",
					"$(inherited)",
				);
				GCC_SYMBOLS_PRIVATE_EXTERN = NO;
				GCC_WARN_64_TO_32_BIT_CONVERSION = YES;
				GCC_WARN_ABOUT_RETURN_TYPE = YES_ERROR;
				GCC_WARN_UNDECLARED_SELECTOR = YES;
				GCC_WARN_UNINITIALIZED_AUTOS = YES;
				GCC_WARN_UNUSED_FUNCTION = YES;
				GCC_WARN_UNUSED_VARIABLE = YES;
				IPHONEOS_DEPLOYMENT_TARGET = 7.0;
				ONLY_ACTIVE_ARCH = YES;
				SDKROOT = iphoneos;
			};
			name = Debug;
		};
		00A3C465188D06A5002392F3 /* Release */ = {
			isa = XCBuildConfiguration;
			buildSettings = {
				ALWAYS_SEARCH_USER_PATHS = NO;
				ARCHS = "$(ARCHS_STANDARD_INCLUDING_64_BIT)";
				CLANG_CXX_LANGUAGE_STANDARD = "gnu++0x";
				CLANG_CXX_LIBRARY = "libc++";
				CLANG_ENABLE_MODULES = YES;
				CLANG_ENABLE_OBJC_ARC = YES;
				CLANG_WARN_BOOL_CONVERSION = YES;
				CLANG_WARN_CONSTANT_CONVERSION = YES;
				CLANG_WARN_DIRECT_OBJC_ISA_USAGE = YES_ERROR;
				CLANG_WARN_EMPTY_BODY = YES;
				CLANG_WARN_ENUM_CONVERSION = YES;
				CLANG_WARN_INT_CONVERSION = YES;
				CLANG_WARN_OBJC_ROOT_CLASS = YES_ERROR;
				CLANG_WARN__DUPLICATE_METHOD_MATCH = YES;
				"CODE_SIGN_IDENTITY[sdk=iphoneos*]" = "iPhone Developer";
				COPY_PHASE_STRIP = YES;
				ENABLE_NS_ASSERTIONS = NO;
				GCC_C_LANGUAGE_STANDARD = gnu99;
				GCC_WARN_64_TO_32_BIT_CONVERSION = YES;
				GCC_WARN_ABOUT_RETURN_TYPE = YES_ERROR;
				GCC_WARN_UNDECLARED_SELECTOR = YES;
				GCC_WARN_UNINITIALIZED_AUTOS = YES;
				GCC_WARN_UNUSED_FUNCTION = YES;
				GCC_WARN_UNUSED_VARIABLE = YES;
				IPHONEOS_DEPLOYMENT_TARGET = 7.0;
				SDKROOT = iphoneos;
				VALIDATE_PRODUCT = YES;
			};
			name = Release;
		};
		00A3C467188D06A5002392F3 /* Debug */ = {
			isa = XCBuildConfiguration;
			buildSettings = {
				ASSETCATALOG_COMPILER_APPICON_NAME = AppIcon;
				ASSETCATALOG_COMPILER_LAUNCHIMAGE_NAME = LaunchImage;
				GCC_PRECOMPILE_PREFIX_HEADER = YES;
				GCC_PREFIX_HEADER = "Inform_Message/Inform_Message-Prefix.pch";
				INFOPLIST_FILE = "Inform_Message/Inform_Message-Info.plist";
				PRODUCT_NAME = "$(TARGET_NAME)";
				WRAPPER_EXTENSION = app;
			};
			name = Debug;
		};
		00A3C468188D06A5002392F3 /* Release */ = {
			isa = XCBuildConfiguration;
			buildSettings = {
				ASSETCATALOG_COMPILER_APPICON_NAME = AppIcon;
				ASSETCATALOG_COMPILER_LAUNCHIMAGE_NAME = LaunchImage;
				GCC_PRECOMPILE_PREFIX_HEADER = YES;
				GCC_PREFIX_HEADER = "Inform_Message/Inform_Message-Prefix.pch";
				INFOPLIST_FILE = "Inform_Message/Inform_Message-Info.plist";
				PRODUCT_NAME = "$(TARGET_NAME)";
				WRAPPER_EXTENSION = app;
			};
			name = Release;
		};
		00A3C46A188D06A5002392F3 /* Debug */ = {
			isa = XCBuildConfiguration;
			buildSettings = {
				ARCHS = "$(ARCHS_STANDARD_INCLUDING_64_BIT)";
				BUNDLE_LOADER = "$(BUILT_PRODUCTS_DIR)/Inform_Message.app/Inform_Message";
				FRAMEWORK_SEARCH_PATHS = (
					"$(SDKROOT)/Developer/Library/Frameworks",
					"$(inherited)",
					"$(DEVELOPER_FRAMEWORKS_DIR)",
				);
				GCC_PRECOMPILE_PREFIX_HEADER = YES;
				GCC_PREFIX_HEADER = "Inform_Message/Inform_Message-Prefix.pch";
				GCC_PREPROCESSOR_DEFINITIONS = (
					"DEBUG=1",
					"$(inherited)",
				);
				INFOPLIST_FILE = "Inform_MessageTests/Inform_MessageTests-Info.plist";
				PRODUCT_NAME = "$(TARGET_NAME)";
				TEST_HOST = "$(BUNDLE_LOADER)";
				WRAPPER_EXTENSION = xctest;
			};
			name = Debug;
		};
		00A3C46B188D06A5002392F3 /* Release */ = {
			isa = XCBuildConfiguration;
			buildSettings = {
				ARCHS = "$(ARCHS_STANDARD_INCLUDING_64_BIT)";
				BUNDLE_LOADER = "$(BUILT_PRODUCTS_DIR)/Inform_Message.app/Inform_Message";
				FRAMEWORK_SEARCH_PATHS = (
					"$(SDKROOT)/Developer/Library/Frameworks",
					"$(inherited)",
					"$(DEVELOPER_FRAMEWORKS_DIR)",
				);
				GCC_PRECOMPILE_PREFIX_HEADER = YES;
				GCC_PREFIX_HEADER = "Inform_Message/Inform_Message-Prefix.pch";
				INFOPLIST_FILE = "Inform_MessageTests/Inform_MessageTests-Info.plist";
				PRODUCT_NAME = "$(TARGET_NAME)";
				TEST_HOST = "$(BUNDLE_LOADER)";
				WRAPPER_EXTENSION = xctest;
			};
			name = Release;
		};
/* End XCBuildConfiguration section */

/* Begin XCConfigurationList section */
		00A3C42F188D06A5002392F3 /* Build configuration list for PBXProject "Inform_Message" */ = {
			isa = XCConfigurationList;
			buildConfigurations = (
				00A3C464188D06A5002392F3 /* Debug */,
				00A3C465188D06A5002392F3 /* Release */,
			);
			defaultConfigurationIsVisible = 0;
			defaultConfigurationName = Release;
		};
		00A3C466188D06A5002392F3 /* Build configuration list for PBXNativeTarget "Inform_Message" */ = {
			isa = XCConfigurationList;
			buildConfigurations = (
				00A3C467188D06A5002392F3 /* Debug */,
				00A3C468188D06A5002392F3 /* Release */,
			);
			defaultConfigurationIsVisible = 0;
		};
		00A3C469188D06A5002392F3 /* Build configuration list for PBXNativeTarget "Inform_MessageTests" */ = {
			isa = XCConfigurationList;
			buildConfigurations = (
				00A3C46A188D06A5002392F3 /* Debug */,
				00A3C46B188D06A5002392F3 /* Release */,
			);
			defaultConfigurationIsVisible = 0;
		};
/* End XCConfigurationList section */
	};
	rootObject = 00A3C42C188D06A5002392F3 /* Project object */;
}
